
Microsoft Visual Studio Solution File, Format Version 12.00
# Visual Studio Version 16
VisualStudioVersion = 16.0.32802.440
MinimumVisualStudioVersion = 10.0.40219.1
Project("{9A19103F-16F7-4668-BE54-9A1E7A4F7556}") = "CsharpPractice", "CsharpPractice\CsharpPractice.csproj", "{45A84EE7-4774-4E52-AD03-32221D6A7FA9}"
	ProjectSection(ProjectDependencies) = postProject
		{3EFE9B6E-02C2-42D1-9575-05E7019B2DD4} = {3EFE9B6E-02C2-42D1-9575-05E7019B2DD4}
	EndProjectSection
EndProject
Project("{9A19103F-16F7-4668-BE54-9A1E7A4F7556}") = "Polygons.Library", "PolygonsLibrary\Polygons.Library.csproj", "{3EFE9B6E-02C2-42D1-9575-05E7019B2DD4}"
EndProject
Project("{FAE04EC0-301F-11D3-BF4B-00C04F79EFBC}") = "EmployeePayrollDB", "EmployeePayrollDB\EmployeePayrollDB.csproj", "{FDF4FF87-21C5-47E2-B455-0246A71B134A}"
EndProject
Global
	GlobalSection(SolutionConfigurationPlatforms) = preSolution
		Debug|Any CPU = Debug|Any CPU
		Release|Any CPU = Release|Any CPU
	EndGlobalSection
	GlobalSection(ProjectConfigurationPlatforms) = postSolution
		{45A84EE7-4774-4E52-AD03-32221D6A7FA9}.Debug|Any CPU.ActiveCfg = Debug|Any CPU
		{45A84EE7-4774-4E52-AD03-32221D6A7FA9}.Debug|Any CPU.Build.0 = Debug|Any CPU
		{45A84EE7-4774-4E52-AD03-32221D6A7FA9}.Release|Any CPU.ActiveCfg = Release|Any CPU
		{45A84EE7-4774-4E52-AD03-32221D6A7FA9}.Release|Any CPU.Build.0 = Release|Any CPU
		{3EFE9B6E-02C2-42D1-9575-05E7019B2DD4}.Debug|Any CPU.ActiveCfg = Debug|Any CPU
		{3EFE9B6E-02C2-42D1-9575-05E7019B2DD4}.Debug|Any CPU.Build.0 = Debug|Any CPU
		{3EFE9B6E-02C2-42D1-9575-05E7019B2DD4}.Release|Any CPU.ActiveCfg = Release|Any CPU
		{3EFE9B6E-02C2-42D1-9575-05E7019B2DD4}.Release|Any CPU.Build.0 = Release|Any CPU
		{FDF4FF87-21C5-47E2-B455-0246A71B134A}.Debug|Any CPU.ActiveCfg = Debug|Any CPU
		{FDF4FF87-21C5-47E2-B455-0246A71B134A}.Debug|Any CPU.Build.0 = Debug|Any CPU
		{FDF4FF87-21C5-47E2-B455-0246A71B134A}.Release|Any CPU.ActiveCfg = Release|Any CPU
		{FDF4FF87-21C5-47E2-B455-0246A71B134A}.Release|Any CPU.Build.0 = Release|Any CPU
	EndGlobalSection
	GlobalSection(SolutionProperties) = preSolution
		HideSolutionNode = FALSE
	EndGlobalSection
	GlobalSection(ExtensibilityGlobals) = postSolution
		SolutionGuid = {A65A5E66-39CA-4758-81EF-75BF1B113E27}
	EndGlobalSection
EndGlobal
